
Microsoft Visual Studio Solution File, Format Version 12.00
# Visual Studio 14
VisualStudioVersion = 14.0.24720.0
MinimumVisualStudioVersion = 10.0.40219.1
Project("{FAE04EC0-301F-11D3-BF4B-00C04F79EFBC}") = "LongFileRenamer", "LongFileRenamer\LongFileRenamer.csproj", "{9A50D540-D107-464E-A3DD-C82B6D31B2D0}"
EndProject
Global
	GlobalSection(SolutionConfigurationPlatforms) = preSolution
		Debug|Any CPU = Debug|Any CPU
		Release|Any CPU = Release|Any CPU
	EndGlobalSection
	GlobalSection(ProjectConfigurationPlatforms) = postSolution
		{9A50D540-D107-464E-A3DD-C82B6D31B2D0}.Debug|Any CPU.ActiveCfg = Debug|Any CPU
		{9A50D540-D107-464E-A3DD-C82B6D31B2D0}.Debug|Any CPU.Build.0 = Debug|Any CPU
		{9A50D540-D107-464E-A3DD-C82B6D31B2D0}.Release|Any CPU.ActiveCfg = Release|Any CPU
		{9A50D540-D107-464E-A3DD-C82B6D31B2D0}.Release|Any CPU.Build.0 = Release|Any CPU
	EndGlobalSection
	GlobalSection(SolutionProperties) = preSolution
		HideSolutionNode = FALSE
	EndGlobalSection
EndGlobal
